
Microsoft Visual Studio Solution File, Format Version 12.00
# Visual Studio Version 17
VisualStudioVersion = 17.3.32819.101
MinimumVisualStudioVersion = 10.0.40219.1
Project("{FAE04EC0-301F-11D3-BF4B-00C04F79EFBC}") = "Messenger", "Messenger\Messenger.csproj", "{DE17C0CB-FFA5-49C8-8FFB-F97C3C06B430}"
EndProject
Global
	GlobalSection(SolutionConfigurationPlatforms) = preSolution
		Debug|Any CPU = Debug|Any CPU
		Release|Any CPU = Release|Any CPU
	EndGlobalSection
	GlobalSection(ProjectConfigurationPlatforms) = postSolution
		{DE17C0CB-FFA5-49C8-8FFB-F97C3C06B430}.Debug|Any CPU.ActiveCfg = Debug|Any CPU
		{DE17C0CB-FFA5-49C8-8FFB-F97C3C06B430}.Debug|Any CPU.Build.0 = Debug|Any CPU
		{DE17C0CB-FFA5-49C8-8FFB-F97C3C06B430}.Release|Any CPU.ActiveCfg = Release|Any CPU
		{DE17C0CB-FFA5-49C8-8FFB-F97C3C06B430}.Release|Any CPU.Build.0 = Release|Any CPU
	EndGlobalSection
	GlobalSection(SolutionProperties) = preSolution
		HideSolutionNode = FALSE
	EndGlobalSection
	GlobalSection(ExtensibilityGlobals) = postSolution
		SolutionGuid = {CFA898A0-E408-4951-B260-35CE4890EACF}
	EndGlobalSection
EndGlobal
